<Solution>
  <Project Path="StaCruzChallenge.Api/StaCruzChallenge.Api.csproj" />
  <Project Path="StaCruzChallenge.Application/StaCruzChallenge.Application.csproj" />
  <Project Path="StaCruzChallenge.Domain/StaCruzChallenge.Domain.csproj" />
  <Project Path="StaCruzChallenge.Infrastructure/StaCruzChallenge.Infrastructure.csproj" />
</Solution>
